// !$*UTF8*$!
{
	archiveVersion = 1;
	classes = {
	};
	objectVersion = 50;
	objects = {

/* Begin PBXBuildFile section */
		223F716920F4FAE600E70A28 /* CheckmarksKit.framework in Frameworks */ = {isa = PBXBuildFile; fileRef = 223F715F20F4FAE500E70A28 /* CheckmarksKit.framework */; };
		223F716E20F4FAE600E70A28 /* TransactionOrderingTests.swift in Sources */ = {isa = PBXBuildFile; fileRef = 223F716D20F4FAE600E70A28 /* TransactionOrderingTests.swift */; };
		223F717020F4FAE600E70A28 /* CheckmarksKit.h in Headers */ = {isa = PBXBuildFile; fileRef = 223F716220F4FAE500E70A28 /* CheckmarksKit.h */; settings = {ATTRIBUTES = (Public, ); }; };
		223F717D20F4FB4100E70A28 /* DataStore.swift in Sources */ = {isa = PBXBuildFile; fileRef = 223F717C20F4FB4100E70A28 /* DataStore.swift */; };
		223F717F20F4FB9E00E70A28 /* Task.swift in Sources */ = {isa = PBXBuildFile; fileRef = 223F717E20F4FB9E00E70A28 /* Task.swift */; };
		223F718120F545B300E70A28 /* TransactionGraph.swift in Sources */ = {isa = PBXBuildFile; fileRef = 223F718020F545B300E70A28 /* TransactionGraph.swift */; };
		2295E99A20F5AF30002D4562 /* TailTransactionTests.swift in Sources */ = {isa = PBXBuildFile; fileRef = 2295E99920F5AF30002D4562 /* TailTransactionTests.swift */; };
		2295E99D20F5B2FC002D4562 /* TransactionTests.swift in Sources */ = {isa = PBXBuildFile; fileRef = 2295E99C20F5B2FC002D4562 /* TransactionTests.swift */; };
		2295E99F20F6D786002D4562 /* DatabaseOwningTestCase.swift in Sources */ = {isa = PBXBuildFile; fileRef = 2295E99E20F6D786002D4562 /* DatabaseOwningTestCase.swift */; };
		2295E9A120F799CB002D4562 /* UpdateNotificationTests.swift in Sources */ = {isa = PBXBuildFile; fileRef = 2295E9A020F799CB002D4562 /* UpdateNotificationTests.swift */; };
		2295E9A320F7E732002D4562 /* TransactionRecorder.swift in Sources */ = {isa = PBXBuildFile; fileRef = 2295E9A220F7E732002D4562 /* TransactionRecorder.swift */; };
		2295E9A620F7EC4A002D4562 /* TransactionReplayTests.swift in Sources */ = {isa = PBXBuildFile; fileRef = 2295E9A520F7EC4A002D4562 /* TransactionReplayTests.swift */; };
/* End PBXBuildFile section */

/* Begin PBXContainerItemProxy section */
		223F716A20F4FAE600E70A28 /* PBXContainerItemProxy */ = {
			isa = PBXContainerItemProxy;
			containerPortal = 223F715620F4FAE500E70A28 /* Project object */;
			proxyType = 1;
			remoteGlobalIDString = 223F715E20F4FAE500E70A28;
			remoteInfo = CheckmarksKit;
		};
/* End PBXContainerItemProxy section */

/* Begin PBXFileReference section */
		223F715F20F4FAE500E70A28 /* CheckmarksKit.framework */ = {isa = PBXFileReference; explicitFileType = wrapper.framework; includeInIndex = 0; path = CheckmarksKit.framework; sourceTree = BUILT_PRODUCTS_DIR; };
		223F716220F4FAE500E70A28 /* CheckmarksKit.h */ = {isa = PBXFileReference; lastKnownFileType = sourcecode.c.h; path = CheckmarksKit.h; sourceTree = "<group>"; };
		223F716320F4FAE500E70A28 /* Info.plist */ = {isa = PBXFileReference; lastKnownFileType = text.plist.xml; path = Info.plist; sourceTree = "<group>"; };
		223F716820F4FAE600E70A28 /* CheckmarksKitTests.xctest */ = {isa = PBXFileReference; explicitFileType = wrapper.cfbundle; includeInIndex = 0; path = CheckmarksKitTests.xctest; sourceTree = BUILT_PRODUCTS_DIR; };
		223F716D20F4FAE600E70A28 /* TransactionOrderingTests.swift */ = {isa = PBXFileReference; lastKnownFileType = sourcecode.swift; path = TransactionOrderingTests.swift; sourceTree = "<group>"; };
		223F716F20F4FAE600E70A28 /* Info.plist */ = {isa = PBXFileReference; lastKnownFileType = text.plist.xml; path = Info.plist; sourceTree = "<group>"; };
		223F717C20F4FB4100E70A28 /* DataStore.swift */ = {isa = PBXFileReference; lastKnownFileType = sourcecode.swift; path = DataStore.swift; sourceTree = "<group>"; };
		223F717E20F4FB9E00E70A28 /* Task.swift */ = {isa = PBXFileReference; lastKnownFileType = sourcecode.swift; path = Task.swift; sourceTree = "<group>"; };
		223F718020F545B300E70A28 /* TransactionGraph.swift */ = {isa = PBXFileReference; lastKnownFileType = sourcecode.swift; path = TransactionGraph.swift; sourceTree = "<group>"; };
		2295E99920F5AF30002D4562 /* TailTransactionTests.swift */ = {isa = PBXFileReference; lastKnownFileType = sourcecode.swift; path = TailTransactionTests.swift; sourceTree = "<group>"; };
		2295E99C20F5B2FC002D4562 /* TransactionTests.swift */ = {isa = PBXFileReference; lastKnownFileType = sourcecode.swift; path = TransactionTests.swift; sourceTree = "<group>"; };
		2295E99E20F6D786002D4562 /* DatabaseOwningTestCase.swift */ = {isa = PBXFileReference; lastKnownFileType = sourcecode.swift; path = DatabaseOwningTestCase.swift; sourceTree = "<group>"; };
		2295E9A020F799CB002D4562 /* UpdateNotificationTests.swift */ = {isa = PBXFileReference; lastKnownFileType = sourcecode.swift; path = UpdateNotificationTests.swift; sourceTree = "<group>"; };
		2295E9A220F7E732002D4562 /* TransactionRecorder.swift */ = {isa = PBXFileReference; lastKnownFileType = sourcecode.swift; path = TransactionRecorder.swift; sourceTree = "<group>"; };
		2295E9A520F7EC4A002D4562 /* TransactionReplayTests.swift */ = {isa = PBXFileReference; lastKnownFileType = sourcecode.swift; path = TransactionReplayTests.swift; sourceTree = "<group>"; };
/* End PBXFileReference section */

/* Begin PBXFrameworksBuildPhase section */
		223F715B20F4FAE500E70A28 /* Frameworks */ = {
			isa = PBXFrameworksBuildPhase;
			buildActionMask = 2147483647;
			files = (
			);
			runOnlyForDeploymentPostprocessing = 0;
		};
		223F716520F4FAE600E70A28 /* Frameworks */ = {
			isa = PBXFrameworksBuildPhase;
			buildActionMask = 2147483647;
			files = (
				223F716920F4FAE600E70A28 /* CheckmarksKit.framework in Frameworks */,
			);
			runOnlyForDeploymentPostprocessing = 0;
		};
/* End PBXFrameworksBuildPhase section */

/* Begin PBXGroup section */
		223F715520F4FAE500E70A28 = {
			isa = PBXGroup;
			children = (
				223F716120F4FAE500E70A28 /* CheckmarksKit */,
				223F716C20F4FAE600E70A28 /* CheckmarksKitTests */,
				223F716020F4FAE500E70A28 /* Products */,
			);
			sourceTree = "<group>";
		};
		223F716020F4FAE500E70A28 /* Products */ = {
			isa = PBXGroup;
			children = (
				223F715F20F4FAE500E70A28 /* CheckmarksKit.framework */,
				223F716820F4FAE600E70A28 /* CheckmarksKitTests.xctest */,
			);
			name = Products;
			sourceTree = "<group>";
		};
		223F716120F4FAE500E70A28 /* CheckmarksKit */ = {
			isa = PBXGroup;
			children = (
				223F716220F4FAE500E70A28 /* CheckmarksKit.h */,
				223F717C20F4FB4100E70A28 /* DataStore.swift */,
				223F717E20F4FB9E00E70A28 /* Task.swift */,
				223F718020F545B300E70A28 /* TransactionGraph.swift */,
				223F716320F4FAE500E70A28 /* Info.plist */,
			);
			path = CheckmarksKit;
			sourceTree = "<group>";
		};
		223F716C20F4FAE600E70A28 /* CheckmarksKitTests */ = {
			isa = PBXGroup;
			children = (
				2295E9A420F7E73B002D4562 /* Helpers */,
				2295E99E20F6D786002D4562 /* DatabaseOwningTestCase.swift */,
				2295E9A020F799CB002D4562 /* UpdateNotificationTests.swift */,
				2295E9A520F7EC4A002D4562 /* TransactionReplayTests.swift */,
				2295E99B20F5B2EE002D4562 /* TransactionTests */,
				223F716F20F4FAE600E70A28 /* Info.plist */,
			);
			path = CheckmarksKitTests;
			sourceTree = "<group>";
		};
		2295E99B20F5B2EE002D4562 /* TransactionTests */ = {
			isa = PBXGroup;
			children = (
				2295E99C20F5B2FC002D4562 /* TransactionTests.swift */,
				223F716D20F4FAE600E70A28 /* TransactionOrderingTests.swift */,
				2295E99920F5AF30002D4562 /* TailTransactionTests.swift */,
			);
			path = TransactionTests;
			sourceTree = "<group>";
		};
		2295E9A420F7E73B002D4562 /* Helpers */ = {
			isa = PBXGroup;
			children = (
				2295E9A220F7E732002D4562 /* TransactionRecorder.swift */,
			);
			path = Helpers;
			sourceTree = "<group>";
		};
/* End PBXGroup section */

/* Begin PBXHeadersBuildPhase section */
		223F715C20F4FAE500E70A28 /* Headers */ = {
			isa = PBXHeadersBuildPhase;
			buildActionMask = 2147483647;
			files = (
				223F717020F4FAE600E70A28 /* CheckmarksKit.h in Headers */,
			);
			runOnlyForDeploymentPostprocessing = 0;
		};
/* End PBXHeadersBuildPhase section */

/* Begin PBXNativeTarget section */
		223F715E20F4FAE500E70A28 /* CheckmarksKit */ = {
			isa = PBXNativeTarget;
			buildConfigurationList = 223F717320F4FAE600E70A28 /* Build configuration list for PBXNativeTarget "CheckmarksKit" */;
			buildPhases = (
				223F715A20F4FAE500E70A28 /* Sources */,
				223F715B20F4FAE500E70A28 /* Frameworks */,
				223F715C20F4FAE500E70A28 /* Headers */,
				223F715D20F4FAE500E70A28 /* Resources */,
			);
			buildRules = (
			);
			dependencies = (
			);
			name = CheckmarksKit;
			productName = CheckmarksKit;
			productReference = 223F715F20F4FAE500E70A28 /* CheckmarksKit.framework */;
			productType = "com.apple.product-type.framework";
		};
		223F716720F4FAE600E70A28 /* CheckmarksKitTests */ = {
			isa = PBXNativeTarget;
			buildConfigurationList = 223F717620F4FAE600E70A28 /* Build configuration list for PBXNativeTarget "CheckmarksKitTests" */;
			buildPhases = (
				223F716420F4FAE600E70A28 /* Sources */,
				223F716520F4FAE600E70A28 /* Frameworks */,
				223F716620F4FAE600E70A28 /* Resources */,
			);
			buildRules = (
			);
			dependencies = (
				223F716B20F4FAE600E70A28 /* PBXTargetDependency */,
			);
			name = CheckmarksKitTests;
			productName = CheckmarksKitTests;
			productReference = 223F716820F4FAE600E70A28 /* CheckmarksKitTests.xctest */;
			productType = "com.apple.product-type.bundle.unit-test";
		};
/* End PBXNativeTarget section */

/* Begin PBXProject section */
		223F715620F4FAE500E70A28 /* Project object */ = {
			isa = PBXProject;
			attributes = {
				LastSwiftUpdateCheck = 0940;
				LastUpgradeCheck = 0940;
				ORGANIZATIONNAME = "Tim Ekl";
				TargetAttributes = {
					223F715E20F4FAE500E70A28 = {
						CreatedOnToolsVersion = 9.4;
						LastSwiftMigration = 0940;
					};
					223F716720F4FAE600E70A28 = {
						CreatedOnToolsVersion = 9.4;
					};
				};
			};
			buildConfigurationList = 223F715920F4FAE500E70A28 /* Build configuration list for PBXProject "CheckmarksKit" */;
			compatibilityVersion = "Xcode 9.3";
			developmentRegion = en;
			hasScannedForEncodings = 0;
			knownRegions = (
				en,
			);
			mainGroup = 223F715520F4FAE500E70A28;
			productRefGroup = 223F716020F4FAE500E70A28 /* Products */;
			projectDirPath = "";
			projectRoot = "";
			targets = (
				223F715E20F4FAE500E70A28 /* CheckmarksKit */,
				223F716720F4FAE600E70A28 /* CheckmarksKitTests */,
			);
		};
/* End PBXProject section */

/* Begin PBXResourcesBuildPhase section */
		223F715D20F4FAE500E70A28 /* Resources */ = {
			isa = PBXResourcesBuildPhase;
			buildActionMask = 2147483647;
			files = (
			);
			runOnlyForDeploymentPostprocessing = 0;
		};
		223F716620F4FAE600E70A28 /* Resources */ = {
			isa = PBXResourcesBuildPhase;
			buildActionMask = 2147483647;
			files = (
			);
			runOnlyForDeploymentPostprocessing = 0;
		};
/* End PBXResourcesBuildPhase section */

/* Begin PBXSourcesBuildPhase section */
		223F715A20F4FAE500E70A28 /* Sources */ = {
			isa = PBXSourcesBuildPhase;
			buildActionMask = 2147483647;
			files = (
				223F717F20F4FB9E00E70A28 /* Task.swift in Sources */,
				223F717D20F4FB4100E70A28 /* DataStore.swift in Sources */,
				223F718120F545B300E70A28 /* TransactionGraph.swift in Sources */,
			);
			runOnlyForDeploymentPostprocessing = 0;
		};
		223F716420F4FAE600E70A28 /* Sources */ = {
			isa = PBXSourcesBuildPhase;
			buildActionMask = 2147483647;
			files = (
				2295E99A20F5AF30002D4562 /* TailTransactionTests.swift in Sources */,
				2295E9A620F7EC4A002D4562 /* TransactionReplayTests.swift in Sources */,
				2295E9A120F799CB002D4562 /* UpdateNotificationTests.swift in Sources */,
				2295E99D20F5B2FC002D4562 /* TransactionTests.swift in Sources */,
				2295E99F20F6D786002D4562 /* DatabaseOwningTestCase.swift in Sources */,
				2295E9A320F7E732002D4562 /* TransactionRecorder.swift in Sources */,
				223F716E20F4FAE600E70A28 /* TransactionOrderingTests.swift in Sources */,
			);
			runOnlyForDeploymentPostprocessing = 0;
		};
/* End PBXSourcesBuildPhase section */

/* Begin PBXTargetDependency section */
		223F716B20F4FAE600E70A28 /* PBXTargetDependency */ = {
			isa = PBXTargetDependency;
			target = 223F715E20F4FAE500E70A28 /* CheckmarksKit */;
			targetProxy = 223F716A20F4FAE600E70A28 /* PBXContainerItemProxy */;
		};
/* End PBXTargetDependency section */

/* Begin XCBuildConfiguration section */
		223F717120F4FAE600E70A28 /* Debug */ = {
			isa = XCBuildConfiguration;
			buildSettings = {
				ALWAYS_SEARCH_USER_PATHS = NO;
				CLANG_ANALYZER_NONNULL = YES;
				CLANG_ANALYZER_NUMBER_OBJECT_CONVERSION = YES_AGGRESSIVE;
				CLANG_CXX_LANGUAGE_STANDARD = "gnu++14";
				CLANG_CXX_LIBRARY = "libc++";
				CLANG_ENABLE_MODULES = YES;
				CLANG_ENABLE_OBJC_ARC = YES;
				CLANG_ENABLE_OBJC_WEAK = YES;
				CLANG_WARN_BLOCK_CAPTURE_AUTORELEASING = YES;
				CLANG_WARN_BOOL_CONVERSION = YES;
				CLANG_WARN_COMMA = YES;
				CLANG_WARN_CONSTANT_CONVERSION = YES;
				CLANG_WARN_DEPRECATED_OBJC_IMPLEMENTATIONS = YES;
				CLANG_WARN_DIRECT_OBJC_ISA_USAGE = YES_ERROR;
				CLANG_WARN_DOCUMENTATION_COMMENTS = YES;
				CLANG_WARN_EMPTY_BODY = YES;
				CLANG_WARN_ENUM_CONVERSION = YES;
				CLANG_WARN_INFINITE_RECURSION = YES;
				CLANG_WARN_INT_CONVERSION = YES;
				CLANG_WARN_NON_LITERAL_NULL_CONVERSION = YES;
				CLANG_WARN_OBJC_IMPLICIT_RETAIN_SELF = YES;
				CLANG_WARN_OBJC_LITERAL_CONVERSION = YES;
				CLANG_WARN_OBJC_ROOT_CLASS = YES_ERROR;
				CLANG_WARN_RANGE_LOOP_ANALYSIS = YES;
				CLANG_WARN_STRICT_PROTOTYPES = YES;
				CLANG_WARN_SUSPICIOUS_MOVE = YES;
				CLANG_WARN_UNGUARDED_AVAILABILITY = YES_AGGRESSIVE;
				CLANG_WARN_UNREACHABLE_CODE = YES;
				CLANG_WARN__DUPLICATE_METHOD_MATCH = YES;
				CODE_SIGN_IDENTITY = "iPhone Developer";
				COPY_PHASE_STRIP = NO;
				CURRENT_PROJECT_VERSION = 1;
				DEBUG_INFORMATION_FORMAT = dwarf;
				ENABLE_STRICT_OBJC_MSGSEND = YES;
				ENABLE_TESTABILITY = YES;
				GCC_C_LANGUAGE_STANDARD = gnu11;
				GCC_DYNAMIC_NO_PIC = NO;
				GCC_NO_COMMON_BLOCKS = YES;
				GCC_OPTIMIZATION_LEVEL = 0;
				GCC_PREPROCESSOR_DEFINITIONS = (
					"DEBUG=1",
					"$(inherited)",
				);
				GCC_WARN_64_TO_32_BIT_CONVERSION = YES;
				GCC_WARN_ABOUT_RETURN_TYPE = YES_ERROR;
				GCC_WARN_UNDECLARED_SELECTOR = YES;
				GCC_WARN_UNINITIALIZED_AUTOS = YES_AGGRESSIVE;
				GCC_WARN_UNUSED_FUNCTION = YES;
				GCC_WARN_UNUSED_VARIABLE = YES;
				IPHONEOS_DEPLOYMENT_TARGET = 11.4;
				MTL_ENABLE_DEBUG_INFO = YES;
				ONLY_ACTIVE_ARCH = YES;
				SDKROOT = iphoneos;
				SWIFT_ACTIVE_COMPILATION_CONDITIONS = DEBUG;
				SWIFT_OPTIMIZATION_LEVEL = "-Onone";
				VERSIONING_SYSTEM = "apple-generic";
				VERSION_INFO_PREFIX = "";
			};
			name = Debug;
		};
		223F717220F4FAE600E70A28 /* Release */ = {
			isa = XCBuildConfiguration;
			buildSettings = {
				ALWAYS_SEARCH_USER_PATHS = NO;
				CLANG_ANALYZER_NONNULL = YES;
				CLANG_ANALYZER_NUMBER_OBJECT_CONVERSION = YES_AGGRESSIVE;
				CLANG_CXX_LANGUAGE_STANDARD = "gnu++14";
				CLANG_CXX_LIBRARY = "libc++";
				CLANG_ENABLE_MODULES = YES;
				CLANG_ENABLE_OBJC_ARC = YES;
				CLANG_ENABLE_OBJC_WEAK = YES;
				CLANG_WARN_BLOCK_CAPTURE_AUTORELEASING = YES;
				CLANG_WARN_BOOL_CONVERSION = YES;
				CLANG_WARN_COMMA = YES;
				CLANG_WARN_CONSTANT_CONVERSION = YES;
				CLANG_WARN_DEPRECATED_OBJC_IMPLEMENTATIONS = YES;
				CLANG_WARN_DIRECT_OBJC_ISA_USAGE = YES_ERROR;
				CLANG_WARN_DOCUMENTATION_COMMENTS = YES;
				CLANG_WARN_EMPTY_BODY = YES;
				CLANG_WARN_ENUM_CONVERSION = YES;
				CLANG_WARN_INFINITE_RECURSION = YES;
				CLANG_WARN_INT_CONVERSION = YES;
				CLANG_WARN_NON_LITERAL_NULL_CONVERSION = YES;
				CLANG_WARN_OBJC_IMPLICIT_RETAIN_SELF = YES;
				CLANG_WARN_OBJC_LITERAL_CONVERSION = YES;
				CLANG_WARN_OBJC_ROOT_CLASS = YES_ERROR;
				CLANG_WARN_RANGE_LOOP_ANALYSIS = YES;
				CLANG_WARN_STRICT_PROTOTYPES = YES;
				CLANG_WARN_SUSPICIOUS_MOVE = YES;
				CLANG_WARN_UNGUARDED_AVAILABILITY = YES_AGGRESSIVE;
				CLANG_WARN_UNREACHABLE_CODE = YES;
				CLANG_WARN__DUPLICATE_METHOD_MATCH = YES;
				CODE_SIGN_IDENTITY = "iPhone Developer";
				COPY_PHASE_STRIP = NO;
				CURRENT_PROJECT_VERSION = 1;
				DEBUG_INFORMATION_FORMAT = "dwarf-with-dsym";
				ENABLE_NS_ASSERTIONS = NO;
				ENABLE_STRICT_OBJC_MSGSEND = YES;
				GCC_C_LANGUAGE_STANDARD = gnu11;
				GCC_NO_COMMON_BLOCKS = YES;
				GCC_WARN_64_TO_32_BIT_CONVERSION = YES;
				GCC_WARN_ABOUT_RETURN_TYPE = YES_ERROR;
				GCC_WARN_UNDECLARED_SELECTOR = YES;
				GCC_WARN_UNINITIALIZED_AUTOS = YES_AGGRESSIVE;
				GCC_WARN_UNUSED_FUNCTION = YES;
				GCC_WARN_UNUSED_VARIABLE = YES;
				IPHONEOS_DEPLOYMENT_TARGET = 11.4;
				MTL_ENABLE_DEBUG_INFO = NO;
				SDKROOT = iphoneos;
				SWIFT_COMPILATION_MODE = wholemodule;
				SWIFT_OPTIMIZATION_LEVEL = "-O";
				VALIDATE_PRODUCT = YES;
				VERSIONING_SYSTEM = "apple-generic";
				VERSION_INFO_PREFIX = "";
			};
			name = Release;
		};
		223F717420F4FAE600E70A28 /* Debug */ = {
			isa = XCBuildConfiguration;
			buildSettings = {
				CLANG_ENABLE_MODULES = YES;
				CODE_SIGN_IDENTITY = "";
				CODE_SIGN_STYLE = Automatic;
				DEFINES_MODULE = YES;
				DEVELOPMENT_TEAM = 888CL5L8M4;
				DYLIB_COMPATIBILITY_VERSION = 1;
				DYLIB_CURRENT_VERSION = 1;
				DYLIB_INSTALL_NAME_BASE = "@rpath";
				INFOPLIST_FILE = CheckmarksKit/Info.plist;
				INSTALL_PATH = "$(LOCAL_LIBRARY_DIR)/Frameworks";
				LD_RUNPATH_SEARCH_PATHS = (
					"$(inherited)",
					"@executable_path/Frameworks",
					"@loader_path/Frameworks",
				);
				PRODUCT_BUNDLE_IDENTIFIER = com.pneumaticbits.CheckmarksKit;
				PRODUCT_NAME = "$(TARGET_NAME:c99extidentifier)";
				SKIP_INSTALL = YES;
				SWIFT_OPTIMIZATION_LEVEL = "-Onone";
				SWIFT_VERSION = 4.0;
				TARGETED_DEVICE_FAMILY = "1,2";
			};
			name = Debug;
		};
		223F717520F4FAE600E70A28 /* Release */ = {
			isa = XCBuildConfiguration;
			buildSettings = {
				CLANG_ENABLE_MODULES = YES;
				CODE_SIGN_IDENTITY = "";
				CODE_SIGN_STYLE = Automatic;
				DEFINES_MODULE = YES;
				DEVELOPMENT_TEAM = 888CL5L8M4;
				DYLIB_COMPATIBILITY_VERSION = 1;
				DYLIB_CURRENT_VERSION = 1;
				DYLIB_INSTALL_NAME_BASE = "@rpath";
				INFOPLIST_FILE = CheckmarksKit/Info.plist;
				INSTALL_PATH = "$(LOCAL_LIBRARY_DIR)/Frameworks";
				LD_RUNPATH_SEARCH_PATHS = (
					"$(inherited)",
					"@executable_path/Frameworks",
					"@loader_path/Frameworks",
				);
				PRODUCT_BUNDLE_IDENTIFIER = com.pneumaticbits.CheckmarksKit;
				PRODUCT_NAME = "$(TARGET_NAME:c99extidentifier)";
				SKIP_INSTALL = YES;
				SWIFT_VERSION = 4.0;
				TARGETED_DEVICE_FAMILY = "1,2";
			};
			name = Release;
		};
		223F717720F4FAE600E70A28 /* Debug */ = {
			isa = XCBuildConfiguration;
			buildSettings = {
				ALWAYS_EMBED_SWIFT_STANDARD_LIBRARIES = YES;
				CODE_SIGN_STYLE = Automatic;
				DEVELOPMENT_TEAM = 888CL5L8M4;
				INFOPLIST_FILE = CheckmarksKitTests/Info.plist;
				LD_RUNPATH_SEARCH_PATHS = (
					"$(inherited)",
					"@executable_path/Frameworks",
					"@loader_path/Frameworks",
				);
				PRODUCT_BUNDLE_IDENTIFIER = com.pneumaticbits.CheckmarksKitTests;
				PRODUCT_NAME = "$(TARGET_NAME)";
				SWIFT_VERSION = 4.0;
				TARGETED_DEVICE_FAMILY = "1,2";
			};
			name = Debug;
		};
		223F717820F4FAE600E70A28 /* Release */ = {
			isa = XCBuildConfiguration;
			buildSettings = {
				ALWAYS_EMBED_SWIFT_STANDARD_LIBRARIES = YES;
				CODE_SIGN_STYLE = Automatic;
				DEVELOPMENT_TEAM = 888CL5L8M4;
				INFOPLIST_FILE = CheckmarksKitTests/Info.plist;
				LD_RUNPATH_SEARCH_PATHS = (
					"$(inherited)",
					"@executable_path/Frameworks",
					"@loader_path/Frameworks",
				);
				PRODUCT_BUNDLE_IDENTIFIER = com.pneumaticbits.CheckmarksKitTests;
				PRODUCT_NAME = "$(TARGET_NAME)";
				SWIFT_VERSION = 4.0;
				TARGETED_DEVICE_FAMILY = "1,2";
			};
			name = Release;
		};
/* End XCBuildConfiguration section */

/* Begin XCConfigurationList section */
		223F715920F4FAE500E70A28 /* Build configuration list for PBXProject "CheckmarksKit" */ = {
			isa = XCConfigurationList;
			buildConfigurations = (
				223F717120F4FAE600E70A28 /* Debug */,
				223F717220F4FAE600E70A28 /* Release */,
			);
			defaultConfigurationIsVisible = 0;
			defaultConfigurationName = Release;
		};
		223F717320F4FAE600E70A28 /* Build configuration list for PBXNativeTarget "CheckmarksKit" */ = {
			isa = XCConfigurationList;
			buildConfigurations = (
				223F717420F4FAE600E70A28 /* Debug */,
				223F717520F4FAE600E70A28 /* Release */,
			);
			defaultConfigurationIsVisible = 0;
			defaultConfigurationName = Release;
		};
		223F717620F4FAE600E70A28 /* Build configuration list for PBXNativeTarget "CheckmarksKitTests" */ = {
			isa = XCConfigurationList;
			buildConfigurations = (
				223F717720F4FAE600E70A28 /* Debug */,
				223F717820F4FAE600E70A28 /* Release */,
			);
			defaultConfigurationIsVisible = 0;
			defaultConfigurationName = Release;
		};
/* End XCConfigurationList section */
	};
	rootObject = 223F715620F4FAE500E70A28 /* Project object */;
}
